
Microsoft Visual Studio Solution File, Format Version 12.00
# Visual Studio Version 16
VisualStudioVersion = 16.0.30621.155
MinimumVisualStudioVersion = 10.0.40219.1
Project("{9092AA53-FB77-4645-B42D-1CCCA6BD08BD}") = "attemptTwo", "attemptTwo\attemptTwo.njsproj", "{84F36ED0-1B56-43A2-B68D-465A2A22B0EA}"
EndProject
Global
	GlobalSection(SolutionConfigurationPlatforms) = preSolution
		Debug|Any CPU = Debug|Any CPU
		Release|Any CPU = Release|Any CPU
	EndGlobalSection
	GlobalSection(ProjectConfigurationPlatforms) = postSolution
		{84F36ED0-1B56-43A2-B68D-465A2A22B0EA}.Debug|Any CPU.ActiveCfg = Debug|Any CPU
		{84F36ED0-1B56-43A2-B68D-465A2A22B0EA}.Debug|Any CPU.Build.0 = Debug|Any CPU
		{84F36ED0-1B56-43A2-B68D-465A2A22B0EA}.Release|Any CPU.ActiveCfg = Release|Any CPU
		{84F36ED0-1B56-43A2-B68D-465A2A22B0EA}.Release|Any CPU.Build.0 = Release|Any CPU
	EndGlobalSection
	GlobalSection(SolutionProperties) = preSolution
		HideSolutionNode = FALSE
	EndGlobalSection
	GlobalSection(ExtensibilityGlobals) = postSolution
		SolutionGuid = {22F68099-892A-4F5A-9AA1-3421EB61AD52}
	EndGlobalSection
EndGlobal
